// !$*UTF8*$!
{
	archiveVersion = 1;
	classes = {
	};
	objectVersion = 50;
	objects = {

/* Begin PBXBuildFile section */
		E54EA97026A51B5300DEAC00 /* AppDelegate.swift in Sources */ = {isa = PBXBuildFile; fileRef = E54EA96F26A51B5300DEAC00 /* AppDelegate.swift */; };
		E54EA97226A51B5300DEAC00 /* SceneDelegate.swift in Sources */ = {isa = PBXBuildFile; fileRef = E54EA97126A51B5300DEAC00 /* SceneDelegate.swift */; };
		E54EA97426A51B5300DEAC00 /* ConversationsViewController.swift in Sources */ = {isa = PBXBuildFile; fileRef = E54EA97326A51B5300DEAC00 /* ConversationsViewController.swift */; };
		E54EA97726A51B5300DEAC00 /* Main.storyboard in Resources */ = {isa = PBXBuildFile; fileRef = E54EA97526A51B5300DEAC00 /* Main.storyboard */; };
		E54EA97926A51B5500DEAC00 /* Assets.xcassets in Resources */ = {isa = PBXBuildFile; fileRef = E54EA97826A51B5500DEAC00 /* Assets.xcassets */; };
		E54EA97C26A51B5500DEAC00 /* LaunchScreen.storyboard in Resources */ = {isa = PBXBuildFile; fileRef = E54EA97A26A51B5500DEAC00 /* LaunchScreen.storyboard */; };
		E54EA98626A51D6400DEAC00 /* GoogleService-Info.plist in Resources */ = {isa = PBXBuildFile; fileRef = E54EA98526A51D6400DEAC00 /* GoogleService-Info.plist */; };
		E54EA99326A5200500DEAC00 /* LoginViewController.swift in Sources */ = {isa = PBXBuildFile; fileRef = E54EA99226A5200500DEAC00 /* LoginViewController.swift */; };
		E54EA99626A5203100DEAC00 /* RegisterViewController.swift in Sources */ = {isa = PBXBuildFile; fileRef = E54EA99526A5203100DEAC00 /* RegisterViewController.swift */; };
		E54EA99926A5206A00DEAC00 /* PhotoViewerViewController.swift in Sources */ = {isa = PBXBuildFile; fileRef = E54EA99826A5206A00DEAC00 /* PhotoViewerViewController.swift */; };
		E54EA99C26A5208F00DEAC00 /* VideoPlayerViewController.swift in Sources */ = {isa = PBXBuildFile; fileRef = E54EA99B26A5208F00DEAC00 /* VideoPlayerViewController.swift */; };
		E54EA99F26A520BB00DEAC00 /* NewConversationViewController.swift in Sources */ = {isa = PBXBuildFile; fileRef = E54EA99E26A520BB00DEAC00 /* NewConversationViewController.swift */; };
		E54EA9A226A520D900DEAC00 /* ProfileViewController.swift in Sources */ = {isa = PBXBuildFile; fileRef = E54EA9A126A520D900DEAC00 /* ProfileViewController.swift */; };
		E54EA9A726A5264100DEAC00 /* Extensions.swift in Sources */ = {isa = PBXBuildFile; fileRef = E54EA9A626A5264100DEAC00 /* Extensions.swift */; };
/* End PBXBuildFile section */

/* Begin PBXFileReference section */
		E54EA96C26A51B5300DEAC00 /* AppChat.app */ = {isa = PBXFileReference; explicitFileType = wrapper.application; includeInIndex = 0; path = AppChat.app; sourceTree = BUILT_PRODUCTS_DIR; };
		E54EA96F26A51B5300DEAC00 /* AppDelegate.swift */ = {isa = PBXFileReference; lastKnownFileType = sourcecode.swift; path = AppDelegate.swift; sourceTree = "<group>"; };
		E54EA97126A51B5300DEAC00 /* SceneDelegate.swift */ = {isa = PBXFileReference; lastKnownFileType = sourcecode.swift; path = SceneDelegate.swift; sourceTree = "<group>"; };
		E54EA97326A51B5300DEAC00 /* ConversationsViewController.swift */ = {isa = PBXFileReference; lastKnownFileType = sourcecode.swift; path = ConversationsViewController.swift; sourceTree = "<group>"; };
		E54EA97626A51B5300DEAC00 /* Base */ = {isa = PBXFileReference; lastKnownFileType = file.storyboard; name = Base; path = Base.lproj/Main.storyboard; sourceTree = "<group>"; };
		E54EA97826A51B5500DEAC00 /* Assets.xcassets */ = {isa = PBXFileReference; lastKnownFileType = folder.assetcatalog; path = Assets.xcassets; sourceTree = "<group>"; };
		E54EA97B26A51B5500DEAC00 /* Base */ = {isa = PBXFileReference; lastKnownFileType = file.storyboard; name = Base; path = Base.lproj/LaunchScreen.storyboard; sourceTree = "<group>"; };
		E54EA97D26A51B5500DEAC00 /* Info.plist */ = {isa = PBXFileReference; lastKnownFileType = text.plist.xml; path = Info.plist; sourceTree = "<group>"; };
		E54EA98526A51D6400DEAC00 /* GoogleService-Info.plist */ = {isa = PBXFileReference; fileEncoding = 4; lastKnownFileType = text.plist.xml; path = "GoogleService-Info.plist"; sourceTree = "<group>"; };
		E54EA99226A5200500DEAC00 /* LoginViewController.swift */ = {isa = PBXFileReference; lastKnownFileType = sourcecode.swift; path = LoginViewController.swift; sourceTree = "<group>"; };
		E54EA99526A5203100DEAC00 /* RegisterViewController.swift */ = {isa = PBXFileReference; lastKnownFileType = sourcecode.swift; path = RegisterViewController.swift; sourceTree = "<group>"; };
		E54EA99826A5206A00DEAC00 /* PhotoViewerViewController.swift */ = {isa = PBXFileReference; lastKnownFileType = sourcecode.swift; path = PhotoViewerViewController.swift; sourceTree = "<group>"; };
		E54EA99B26A5208F00DEAC00 /* VideoPlayerViewController.swift */ = {isa = PBXFileReference; lastKnownFileType = sourcecode.swift; path = VideoPlayerViewController.swift; sourceTree = "<group>"; };
		E54EA99E26A520BB00DEAC00 /* NewConversationViewController.swift */ = {isa = PBXFileReference; lastKnownFileType = sourcecode.swift; path = NewConversationViewController.swift; sourceTree = "<group>"; };
		E54EA9A126A520D900DEAC00 /* ProfileViewController.swift */ = {isa = PBXFileReference; lastKnownFileType = sourcecode.swift; path = ProfileViewController.swift; sourceTree = "<group>"; };
		E54EA9A626A5264100DEAC00 /* Extensions.swift */ = {isa = PBXFileReference; lastKnownFileType = sourcecode.swift; path = Extensions.swift; sourceTree = "<group>"; };
/* End PBXFileReference section */

/* Begin PBXFrameworksBuildPhase section */
		E54EA96926A51B5300DEAC00 /* Frameworks */ = {
			isa = PBXFrameworksBuildPhase;
			buildActionMask = 2147483647;
			files = (
			);
			runOnlyForDeploymentPostprocessing = 0;
		};
/* End PBXFrameworksBuildPhase section */

/* Begin PBXGroup section */
		E54EA96326A51B5300DEAC00 = {
			isa = PBXGroup;
			children = (
				E54EA96E26A51B5300DEAC00 /* AppChat */,
				E54EA96D26A51B5300DEAC00 /* Products */,
			);
			sourceTree = "<group>";
		};
		E54EA96D26A51B5300DEAC00 /* Products */ = {
			isa = PBXGroup;
			children = (
				E54EA96C26A51B5300DEAC00 /* AppChat.app */,
			);
			name = Products;
			sourceTree = "<group>";
		};
		E54EA96E26A51B5300DEAC00 /* AppChat */ = {
			isa = PBXGroup;
			children = (
				E54EA98C26A51E0200DEAC00 /* Resources */,
				E54EA98B26A51DF500DEAC00 /* ViewModels */,
				E54EA98A26A51DEB00DEAC00 /* Models */,
				E54EA98926A51DE300DEAC00 /* Views */,
				E54EA98826A51DC900DEAC00 /* Controllers */,
				E54EA97D26A51B5500DEAC00 /* Info.plist */,
				E54EA98526A51D6400DEAC00 /* GoogleService-Info.plist */,
			);
			path = AppChat;
			sourceTree = "<group>";
		};
		E54EA98826A51DC900DEAC00 /* Controllers */ = {
			isa = PBXGroup;
			children = (
				E54EA97326A51B5300DEAC00 /* ConversationsViewController.swift */,
				E54EA9A426A5218F00DEAC00 /* Login */,
				E54EA99826A5206A00DEAC00 /* PhotoViewerViewController.swift */,
				E54EA99B26A5208F00DEAC00 /* VideoPlayerViewController.swift */,
				E54EA99E26A520BB00DEAC00 /* NewConversationViewController.swift */,
				E54EA9A126A520D900DEAC00 /* ProfileViewController.swift */,
			);
			path = Controllers;
			sourceTree = "<group>";
		};
		E54EA98926A51DE300DEAC00 /* Views */ = {
			isa = PBXGroup;
			children = (
				E54EA98D26A51E4A00DEAC00 /* Storyboards */,
				E54EA97826A51B5500DEAC00 /* Assets.xcassets */,
			);
			path = Views;
			sourceTree = "<group>";
		};
		E54EA98A26A51DEB00DEAC00 /* Models */ = {
			isa = PBXGroup;
			children = (
			);
			path = Models;
			sourceTree = "<group>";
		};
		E54EA98B26A51DF500DEAC00 /* ViewModels */ = {
			isa = PBXGroup;
			children = (
			);
			path = ViewModels;
			sourceTree = "<group>";
		};
		E54EA98C26A51E0200DEAC00 /* Resources */ = {
			isa = PBXGroup;
			children = (
				E54EA96F26A51B5300DEAC00 /* AppDelegate.swift */,
				E54EA97126A51B5300DEAC00 /* SceneDelegate.swift */,
				E54EA9A626A5264100DEAC00 /* Extensions.swift */,
			);
			path = Resources;
			sourceTree = "<group>";
		};
		E54EA98D26A51E4A00DEAC00 /* Storyboards */ = {
			isa = PBXGroup;
			children = (
				E54EA97526A51B5300DEAC00 /* Main.storyboard */,
				E54EA97A26A51B5500DEAC00 /* LaunchScreen.storyboard */,
			);
			path = Storyboards;
			sourceTree = "<group>";
		};
		E54EA9A426A5218F00DEAC00 /* Login */ = {
			isa = PBXGroup;
			children = (
				E54EA99226A5200500DEAC00 /* LoginViewController.swift */,
				E54EA99526A5203100DEAC00 /* RegisterViewController.swift */,
			);
			path = Login;
			sourceTree = "<group>";
		};
/* End PBXGroup section */

/* Begin PBXNativeTarget section */
		E54EA96B26A51B5300DEAC00 /* AppChat */ = {
			isa = PBXNativeTarget;
			buildConfigurationList = E54EA98026A51B5500DEAC00 /* Build configuration list for PBXNativeTarget "AppChat" */;
			buildPhases = (
				E54EA96826A51B5300DEAC00 /* Sources */,
				E54EA96926A51B5300DEAC00 /* Frameworks */,
				E54EA96A26A51B5300DEAC00 /* Resources */,
			);
			buildRules = (
			);
			dependencies = (
			);
			name = AppChat;
			productName = AppChat;
			productReference = E54EA96C26A51B5300DEAC00 /* AppChat.app */;
			productType = "com.apple.product-type.application";
		};
/* End PBXNativeTarget section */

/* Begin PBXProject section */
		E54EA96426A51B5300DEAC00 /* Project object */ = {
			isa = PBXProject;
			attributes = {
				LastSwiftUpdateCheck = 1220;
				LastUpgradeCheck = 1220;
				TargetAttributes = {
					E54EA96B26A51B5300DEAC00 = {
						CreatedOnToolsVersion = 12.2;
					};
				};
			};
			buildConfigurationList = E54EA96726A51B5300DEAC00 /* Build configuration list for PBXProject "AppChat" */;
			compatibilityVersion = "Xcode 9.3";
			developmentRegion = en;
			hasScannedForEncodings = 0;
			knownRegions = (
				en,
				Base,
			);
			mainGroup = E54EA96326A51B5300DEAC00;
			productRefGroup = E54EA96D26A51B5300DEAC00 /* Products */;
			projectDirPath = "";
			projectRoot = "";
			targets = (
				E54EA96B26A51B5300DEAC00 /* AppChat */,
			);
		};
/* End PBXProject section */

/* Begin PBXResourcesBuildPhase section */
		E54EA96A26A51B5300DEAC00 /* Resources */ = {
			isa = PBXResourcesBuildPhase;
			buildActionMask = 2147483647;
			files = (
				E54EA97C26A51B5500DEAC00 /* LaunchScreen.storyboard in Resources */,
				E54EA98626A51D6400DEAC00 /* GoogleService-Info.plist in Resources */,
				E54EA97926A51B5500DEAC00 /* Assets.xcassets in Resources */,
				E54EA97726A51B5300DEAC00 /* Main.storyboard in Resources */,
			);
			runOnlyForDeploymentPostprocessing = 0;
		};
/* End PBXResourcesBuildPhase section */

/* Begin PBXSourcesBuildPhase section */
		E54EA96826A51B5300DEAC00 /* Sources */ = {
			isa = PBXSourcesBuildPhase;
			buildActionMask = 2147483647;
			files = (
				E54EA99326A5200500DEAC00 /* LoginViewController.swift in Sources */,
				E54EA99626A5203100DEAC00 /* RegisterViewController.swift in Sources */,
				E54EA99F26A520BB00DEAC00 /* NewConversationViewController.swift in Sources */,
				E54EA97426A51B5300DEAC00 /* ConversationsViewController.swift in Sources */,
				E54EA99C26A5208F00DEAC00 /* VideoPlayerViewController.swift in Sources */,
				E54EA9A726A5264100DEAC00 /* Extensions.swift in Sources */,
				E54EA97026A51B5300DEAC00 /* AppDelegate.swift in Sources */,
				E54EA9A226A520D900DEAC00 /* ProfileViewController.swift in Sources */,
				E54EA97226A51B5300DEAC00 /* SceneDelegate.swift in Sources */,
				E54EA99926A5206A00DEAC00 /* PhotoViewerViewController.swift in Sources */,
			);
			runOnlyForDeploymentPostprocessing = 0;
		};
/* End PBXSourcesBuildPhase section */

/* Begin PBXVariantGroup section */
		E54EA97526A51B5300DEAC00 /* Main.storyboard */ = {
			isa = PBXVariantGroup;
			children = (
				E54EA97626A51B5300DEAC00 /* Base */,
			);
			name = Main.storyboard;
			sourceTree = "<group>";
		};
		E54EA97A26A51B5500DEAC00 /* LaunchScreen.storyboard */ = {
			isa = PBXVariantGroup;
			children = (
				E54EA97B26A51B5500DEAC00 /* Base */,
			);
			name = LaunchScreen.storyboard;
			sourceTree = "<group>";
		};
/* End PBXVariantGroup section */

/* Begin XCBuildConfiguration section */
		E54EA97E26A51B5500DEAC00 /* Debug */ = {
			isa = XCBuildConfiguration;
			buildSettings = {
				ALWAYS_SEARCH_USER_PATHS = NO;
				CLANG_ANALYZER_NONNULL = YES;
				CLANG_ANALYZER_NUMBER_OBJECT_CONVERSION = YES_AGGRESSIVE;
				CLANG_CXX_LANGUAGE_STANDARD = "gnu++14";
				CLANG_CXX_LIBRARY = "libc++";
				CLANG_ENABLE_MODULES = YES;
				CLANG_ENABLE_OBJC_ARC = YES;
				CLANG_ENABLE_OBJC_WEAK = YES;
				CLANG_WARN_BLOCK_CAPTURE_AUTORELEASING = YES;
				CLANG_WARN_BOOL_CONVERSION = YES;
				CLANG_WARN_COMMA = YES;
				CLANG_WARN_CONSTANT_CONVERSION = YES;
				CLANG_WARN_DEPRECATED_OBJC_IMPLEMENTATIONS = YES;
				CLANG_WARN_DIRECT_OBJC_ISA_USAGE = YES_ERROR;
				CLANG_WARN_DOCUMENTATION_COMMENTS = YES;
				CLANG_WARN_EMPTY_BODY = YES;
				CLANG_WARN_ENUM_CONVERSION = YES;
				CLANG_WARN_INFINITE_RECURSION = YES;
				CLANG_WARN_INT_CONVERSION = YES;
				CLANG_WARN_NON_LITERAL_NULL_CONVERSION = YES;
				CLANG_WARN_OBJC_IMPLICIT_RETAIN_SELF = YES;
				CLANG_WARN_OBJC_LITERAL_CONVERSION = YES;
				CLANG_WARN_OBJC_ROOT_CLASS = YES_ERROR;
				CLANG_WARN_QUOTED_INCLUDE_IN_FRAMEWORK_HEADER = YES;
				CLANG_WARN_RANGE_LOOP_ANALYSIS = YES;
				CLANG_WARN_STRICT_PROTOTYPES = YES;
				CLANG_WARN_SUSPICIOUS_MOVE = YES;
				CLANG_WARN_UNGUARDED_AVAILABILITY = YES_AGGRESSIVE;
				CLANG_WARN_UNREACHABLE_CODE = YES;
				CLANG_WARN__DUPLICATE_METHOD_MATCH = YES;
				COPY_PHASE_STRIP = NO;
				DEBUG_INFORMATION_FORMAT = dwarf;
				ENABLE_STRICT_OBJC_MSGSEND = YES;
				ENABLE_TESTABILITY = YES;
				GCC_C_LANGUAGE_STANDARD = gnu11;
				GCC_DYNAMIC_NO_PIC = NO;
				GCC_NO_COMMON_BLOCKS = YES;
				GCC_OPTIMIZATION_LEVEL = 0;
				GCC_PREPROCESSOR_DEFINITIONS = (
					"DEBUG=1",
					"$(inherited)",
				);
				GCC_WARN_64_TO_32_BIT_CONVERSION = YES;
				GCC_WARN_ABOUT_RETURN_TYPE = YES_ERROR;
				GCC_WARN_UNDECLARED_SELECTOR = YES;
				GCC_WARN_UNINITIALIZED_AUTOS = YES_AGGRESSIVE;
				GCC_WARN_UNUSED_FUNCTION = YES;
				GCC_WARN_UNUSED_VARIABLE = YES;
				IPHONEOS_DEPLOYMENT_TARGET = 14.2;
				MTL_ENABLE_DEBUG_INFO = INCLUDE_SOURCE;
				MTL_FAST_MATH = YES;
				ONLY_ACTIVE_ARCH = YES;
				SDKROOT = iphoneos;
				SWIFT_ACTIVE_COMPILATION_CONDITIONS = DEBUG;
				SWIFT_OPTIMIZATION_LEVEL = "-Onone";
			};
			name = Debug;
		};
		E54EA97F26A51B5500DEAC00 /* Release */ = {
			isa = XCBuildConfiguration;
			buildSettings = {
				ALWAYS_SEARCH_USER_PATHS = NO;
				CLANG_ANALYZER_NONNULL = YES;
				CLANG_ANALYZER_NUMBER_OBJECT_CONVERSION = YES_AGGRESSIVE;
				CLANG_CXX_LANGUAGE_STANDARD = "gnu++14";
				CLANG_CXX_LIBRARY = "libc++";
				CLANG_ENABLE_MODULES = YES;
				CLANG_ENABLE_OBJC_ARC = YES;
				CLANG_ENABLE_OBJC_WEAK = YES;
				CLANG_WARN_BLOCK_CAPTURE_AUTORELEASING = YES;
				CLANG_WARN_BOOL_CONVERSION = YES;
				CLANG_WARN_COMMA = YES;
				CLANG_WARN_CONSTANT_CONVERSION = YES;
				CLANG_WARN_DEPRECATED_OBJC_IMPLEMENTATIONS = YES;
				CLANG_WARN_DIRECT_OBJC_ISA_USAGE = YES_ERROR;
				CLANG_WARN_DOCUMENTATION_COMMENTS = YES;
				CLANG_WARN_EMPTY_BODY = YES;
				CLANG_WARN_ENUM_CONVERSION = YES;
				CLANG_WARN_INFINITE_RECURSION = YES;
				CLANG_WARN_INT_CONVERSION = YES;
				CLANG_WARN_NON_LITERAL_NULL_CONVERSION = YES;
				CLANG_WARN_OBJC_IMPLICIT_RETAIN_SELF = YES;
				CLANG_WARN_OBJC_LITERAL_CONVERSION = YES;
				CLANG_WARN_OBJC_ROOT_CLASS = YES_ERROR;
				CLANG_WARN_QUOTED_INCLUDE_IN_FRAMEWORK_HEADER = YES;
				CLANG_WARN_RANGE_LOOP_ANALYSIS = YES;
				CLANG_WARN_STRICT_PROTOTYPES = YES;
				CLANG_WARN_SUSPICIOUS_MOVE = YES;
				CLANG_WARN_UNGUARDED_AVAILABILITY = YES_AGGRESSIVE;
				CLANG_WARN_UNREACHABLE_CODE = YES;
				CLANG_WARN__DUPLICATE_METHOD_MATCH = YES;
				COPY_PHASE_STRIP = NO;
				DEBUG_INFORMATION_FORMAT = "dwarf-with-dsym";
				ENABLE_NS_ASSERTIONS = NO;
				ENABLE_STRICT_OBJC_MSGSEND = YES;
				GCC_C_LANGUAGE_STANDARD = gnu11;
				GCC_NO_COMMON_BLOCKS = YES;
				GCC_WARN_64_TO_32_BIT_CONVERSION = YES;
				GCC_WARN_ABOUT_RETURN_TYPE = YES_ERROR;
				GCC_WARN_UNDECLARED_SELECTOR = YES;
				GCC_WARN_UNINITIALIZED_AUTOS = YES_AGGRESSIVE;
				GCC_WARN_UNUSED_FUNCTION = YES;
				GCC_WARN_UNUSED_VARIABLE = YES;
				IPHONEOS_DEPLOYMENT_TARGET = 14.2;
				MTL_ENABLE_DEBUG_INFO = NO;
				MTL_FAST_MATH = YES;
				SDKROOT = iphoneos;
				SWIFT_COMPILATION_MODE = wholemodule;
				SWIFT_OPTIMIZATION_LEVEL = "-O";
				VALIDATE_PRODUCT = YES;
			};
			name = Release;
		};
		E54EA98126A51B5500DEAC00 /* Debug */ = {
			isa = XCBuildConfiguration;
			buildSettings = {
				ASSETCATALOG_COMPILER_APPICON_NAME = AppIcon;
				ASSETCATALOG_COMPILER_GLOBAL_ACCENT_COLOR_NAME = AccentColor;
				CODE_SIGN_STYLE = Automatic;
				DEVELOPMENT_TEAM = 6C99TY569A;
				INFOPLIST_FILE = AppChat/Info.plist;
				IPHONEOS_DEPLOYMENT_TARGET = 13.0;
				LD_RUNPATH_SEARCH_PATHS = (
					"$(inherited)",
					"@executable_path/Frameworks",
				);
				PRODUCT_BUNDLE_IDENTIFIER = com.arisvn.AppChat;
				PRODUCT_NAME = "$(TARGET_NAME)";
				SWIFT_VERSION = 5.0;
				TARGETED_DEVICE_FAMILY = "1,2";
			};
			name = Debug;
		};
		E54EA98226A51B5500DEAC00 /* Release */ = {
			isa = XCBuildConfiguration;
			buildSettings = {
				ASSETCATALOG_COMPILER_APPICON_NAME = AppIcon;
				ASSETCATALOG_COMPILER_GLOBAL_ACCENT_COLOR_NAME = AccentColor;
				CODE_SIGN_STYLE = Automatic;
				DEVELOPMENT_TEAM = 6C99TY569A;
				INFOPLIST_FILE = AppChat/Info.plist;
				IPHONEOS_DEPLOYMENT_TARGET = 13.0;
				LD_RUNPATH_SEARCH_PATHS = (
					"$(inherited)",
					"@executable_path/Frameworks",
				);
				PRODUCT_BUNDLE_IDENTIFIER = com.arisvn.AppChat;
				PRODUCT_NAME = "$(TARGET_NAME)";
				SWIFT_VERSION = 5.0;
				TARGETED_DEVICE_FAMILY = "1,2";
			};
			name = Release;
		};
/* End XCBuildConfiguration section */

/* Begin XCConfigurationList section */
		E54EA96726A51B5300DEAC00 /* Build configuration list for PBXProject "AppChat" */ = {
			isa = XCConfigurationList;
			buildConfigurations = (
				E54EA97E26A51B5500DEAC00 /* Debug */,
				E54EA97F26A51B5500DEAC00 /* Release */,
			);
			defaultConfigurationIsVisible = 0;
			defaultConfigurationName = Release;
		};
		E54EA98026A51B5500DEAC00 /* Build configuration list for PBXNativeTarget "AppChat" */ = {
			isa = XCConfigurationList;
			buildConfigurations = (
				E54EA98126A51B5500DEAC00 /* Debug */,
				E54EA98226A51B5500DEAC00 /* Release */,
			);
			defaultConfigurationIsVisible = 0;
			defaultConfigurationName = Release;
		};
/* End XCConfigurationList section */
	};
	rootObject = E54EA96426A51B5300DEAC00 /* Project object */;
}
